// !$*UTF8*$!
{
	archiveVersion = 1;
	classes = {
	};
	objectVersion = 48;
	objects = {

/* Begin PBXBuildFile section */
		A361208420B13B340044D0BD /* ViewController4.swift in Sources */ = {isa = PBXBuildFile; fileRef = A361208320B13B340044D0BD /* ViewController4.swift */; };
		A361208620B1406E0044D0BD /* TableViewController.swift in Sources */ = {isa = PBXBuildFile; fileRef = A361208520B1406E0044D0BD /* TableViewController.swift */; };
		A361208820B141360044D0BD /* TableViewCell.swift in Sources */ = {isa = PBXBuildFile; fileRef = A361208720B141360044D0BD /* TableViewCell.swift */; };
		A3CE969D20B11E1E00B1991B /* AppDelegate.swift in Sources */ = {isa = PBXBuildFile; fileRef = A3CE969C20B11E1E00B1991B /* AppDelegate.swift */; };
		A3CE969F20B11E1E00B1991B /* ViewController.swift in Sources */ = {isa = PBXBuildFile; fileRef = A3CE969E20B11E1E00B1991B /* ViewController.swift */; };
		A3CE96A220B11E1E00B1991B /* Main.storyboard in Resources */ = {isa = PBXBuildFile; fileRef = A3CE96A020B11E1E00B1991B /* Main.storyboard */; };
		A3CE96A520B11E1E00B1991B /* PassData.xcdatamodeld in Sources */ = {isa = PBXBuildFile; fileRef = A3CE96A320B11E1E00B1991B /* PassData.xcdatamodeld */; };
		A3CE96A720B11E1F00B1991B /* Assets.xcassets in Resources */ = {isa = PBXBuildFile; fileRef = A3CE96A620B11E1F00B1991B /* Assets.xcassets */; };
		A3CE96AA20B11E1F00B1991B /* LaunchScreen.storyboard in Resources */ = {isa = PBXBuildFile; fileRef = A3CE96A820B11E1F00B1991B /* LaunchScreen.storyboard */; };
		A3CE96B220B120ED00B1991B /* ViewController2.swift in Sources */ = {isa = PBXBuildFile; fileRef = A3CE96B120B120ED00B1991B /* ViewController2.swift */; };
		A3CE96B420B135A300B1991B /* ViewController3.swift in Sources */ = {isa = PBXBuildFile; fileRef = A3CE96B320B135A300B1991B /* ViewController3.swift */; };
/* End PBXBuildFile section */

/* Begin PBXFileReference section */
		A361208320B13B340044D0BD /* ViewController4.swift */ = {isa = PBXFileReference; lastKnownFileType = sourcecode.swift; name = ViewController4.swift; path = ../ViewController4.swift; sourceTree = "<group>"; };
		A361208520B1406E0044D0BD /* TableViewController.swift */ = {isa = PBXFileReference; lastKnownFileType = sourcecode.swift; path = TableViewController.swift; sourceTree = "<group>"; };
		A361208720B141360044D0BD /* TableViewCell.swift */ = {isa = PBXFileReference; lastKnownFileType = sourcecode.swift; path = TableViewCell.swift; sourceTree = "<group>"; };
		A3CE969920B11E1E00B1991B /* PassData.app */ = {isa = PBXFileReference; explicitFileType = wrapper.application; includeInIndex = 0; path = PassData.app; sourceTree = BUILT_PRODUCTS_DIR; };
		A3CE969C20B11E1E00B1991B /* AppDelegate.swift */ = {isa = PBXFileReference; lastKnownFileType = sourcecode.swift; path = AppDelegate.swift; sourceTree = "<group>"; };
		A3CE969E20B11E1E00B1991B /* ViewController.swift */ = {isa = PBXFileReference; lastKnownFileType = sourcecode.swift; path = ViewController.swift; sourceTree = "<group>"; };
		A3CE96A120B11E1E00B1991B /* Base */ = {isa = PBXFileReference; lastKnownFileType = file.storyboard; name = Base; path = Base.lproj/Main.storyboard; sourceTree = "<group>"; };
		A3CE96A420B11E1E00B1991B /* PassData.xcdatamodel */ = {isa = PBXFileReference; lastKnownFileType = wrapper.xcdatamodel; path = PassData.xcdatamodel; sourceTree = "<group>"; };
		A3CE96A620B11E1F00B1991B /* Assets.xcassets */ = {isa = PBXFileReference; lastKnownFileType = folder.assetcatalog; path = Assets.xcassets; sourceTree = "<group>"; };
		A3CE96A920B11E1F00B1991B /* Base */ = {isa = PBXFileReference; lastKnownFileType = file.storyboard; name = Base; path = Base.lproj/LaunchScreen.storyboard; sourceTree = "<group>"; };
		A3CE96AB20B11E1F00B1991B /* Info.plist */ = {isa = PBXFileReference; lastKnownFileType = text.plist.xml; path = Info.plist; sourceTree = "<group>"; };
		A3CE96B120B120ED00B1991B /* ViewController2.swift */ = {isa = PBXFileReference; lastKnownFileType = sourcecode.swift; path = ViewController2.swift; sourceTree = "<group>"; };
		A3CE96B320B135A300B1991B /* ViewController3.swift */ = {isa = PBXFileReference; lastKnownFileType = sourcecode.swift; path = ViewController3.swift; sourceTree = "<group>"; };
/* End PBXFileReference section */

/* Begin PBXFrameworksBuildPhase section */
		A3CE969620B11E1E00B1991B /* Frameworks */ = {
			isa = PBXFrameworksBuildPhase;
			buildActionMask = 2147483647;
			files = (
			);
			runOnlyForDeploymentPostprocessing = 0;
		};
/* End PBXFrameworksBuildPhase section */

/* Begin PBXGroup section */
		A3CE969020B11E1D00B1991B = {
			isa = PBXGroup;
			children = (
				A3CE969B20B11E1E00B1991B /* PassData */,
				A3CE969A20B11E1E00B1991B /* Products */,
			);
			sourceTree = "<group>";
		};
		A3CE969A20B11E1E00B1991B /* Products */ = {
			isa = PBXGroup;
			children = (
				A3CE969920B11E1E00B1991B /* PassData.app */,
			);
			name = Products;
			sourceTree = "<group>";
		};
		A3CE969B20B11E1E00B1991B /* PassData */ = {
			isa = PBXGroup;
			children = (
				A3CE969C20B11E1E00B1991B /* AppDelegate.swift */,
				A3CE969E20B11E1E00B1991B /* ViewController.swift */,
				A3CE96B120B120ED00B1991B /* ViewController2.swift */,
				A3CE96B320B135A300B1991B /* ViewController3.swift */,
				A361208320B13B340044D0BD /* ViewController4.swift */,
				A3CE96A020B11E1E00B1991B /* Main.storyboard */,
				A361208720B141360044D0BD /* TableViewCell.swift */,
				A361208520B1406E0044D0BD /* TableViewController.swift */,
				A3CE96A620B11E1F00B1991B /* Assets.xcassets */,
				A3CE96A820B11E1F00B1991B /* LaunchScreen.storyboard */,
				A3CE96AB20B11E1F00B1991B /* Info.plist */,
				A3CE96A320B11E1E00B1991B /* PassData.xcdatamodeld */,
			);
			path = PassData;
			sourceTree = "<group>";
		};
/* End PBXGroup section */

/* Begin PBXNativeTarget section */
		A3CE969820B11E1E00B1991B /* PassData */ = {
			isa = PBXNativeTarget;
			buildConfigurationList = A3CE96AE20B11E1F00B1991B /* Build configuration list for PBXNativeTarget "PassData" */;
			buildPhases = (
				A3CE969520B11E1E00B1991B /* Sources */,
				A3CE969620B11E1E00B1991B /* Frameworks */,
				A3CE969720B11E1E00B1991B /* Resources */,
			);
			buildRules = (
			);
			dependencies = (
			);
			name = PassData;
			productName = PassData;
			productReference = A3CE969920B11E1E00B1991B /* PassData.app */;
			productType = "com.apple.product-type.application";
		};
/* End PBXNativeTarget section */

/* Begin PBXProject section */
		A3CE969120B11E1E00B1991B /* Project object */ = {
			isa = PBXProject;
			attributes = {
				LastSwiftUpdateCheck = 0920;
				LastUpgradeCheck = 0920;
				ORGANIZATIONNAME = dinhphu98;
				TargetAttributes = {
					A3CE969820B11E1E00B1991B = {
						CreatedOnToolsVersion = 9.2;
						ProvisioningStyle = Automatic;
					};
				};
			};
			buildConfigurationList = A3CE969420B11E1E00B1991B /* Build configuration list for PBXProject "PassData" */;
			compatibilityVersion = "Xcode 8.0";
			developmentRegion = en;
			hasScannedForEncodings = 0;
			knownRegions = (
				en,
				Base,
			);
			mainGroup = A3CE969020B11E1D00B1991B;
			productRefGroup = A3CE969A20B11E1E00B1991B /* Products */;
			projectDirPath = "";
			projectRoot = "";
			targets = (
				A3CE969820B11E1E00B1991B /* PassData */,
			);
		};
/* End PBXProject section */

/* Begin PBXResourcesBuildPhase section */
		A3CE969720B11E1E00B1991B /* Resources */ = {
			isa = PBXResourcesBuildPhase;
			buildActionMask = 2147483647;
			files = (
				A3CE96AA20B11E1F00B1991B /* LaunchScreen.storyboard in Resources */,
				A3CE96A720B11E1F00B1991B /* Assets.xcassets in Resources */,
				A3CE96A220B11E1E00B1991B /* Main.storyboard in Resources */,
			);
			runOnlyForDeploymentPostprocessing = 0;
		};
/* End PBXResourcesBuildPhase section */

/* Begin PBXSourcesBuildPhase section */
		A3CE969520B11E1E00B1991B /* Sources */ = {
			isa = PBXSourcesBuildPhase;
			buildActionMask = 2147483647;
			files = (
				A3CE96B420B135A300B1991B /* ViewController3.swift in Sources */,
				A361208820B141360044D0BD /* TableViewCell.swift in Sources */,
				A361208620B1406E0044D0BD /* TableViewController.swift in Sources */,
				A361208420B13B340044D0BD /* ViewController4.swift in Sources */,
				A3CE969F20B11E1E00B1991B /* ViewController.swift in Sources */,
				A3CE96B220B120ED00B1991B /* ViewController2.swift in Sources */,
				A3CE96A520B11E1E00B1991B /* PassData.xcdatamodeld in Sources */,
				A3CE969D20B11E1E00B1991B /* AppDelegate.swift in Sources */,
			);
			runOnlyForDeploymentPostprocessing = 0;
		};
/* End PBXSourcesBuildPhase section */

/* Begin PBXVariantGroup section */
		A3CE96A020B11E1E00B1991B /* Main.storyboard */ = {
			isa = PBXVariantGroup;
			children = (
				A3CE96A120B11E1E00B1991B /* Base */,
			);
			name = Main.storyboard;
			sourceTree = "<group>";
		};
		A3CE96A820B11E1F00B1991B /* LaunchScreen.storyboard */ = {
			isa = PBXVariantGroup;
			children = (
				A3CE96A920B11E1F00B1991B /* Base */,
			);
			name = LaunchScreen.storyboard;
			sourceTree = "<group>";
		};
/* End PBXVariantGroup section */

/* Begin XCBuildConfiguration section */
		A3CE96AC20B11E1F00B1991B /* Debug */ = {
			isa = XCBuildConfiguration;
			buildSettings = {
				ALWAYS_SEARCH_USER_PATHS = NO;
				CLANG_ANALYZER_NONNULL = YES;
				CLANG_ANALYZER_NUMBER_OBJECT_CONVERSION = YES_AGGRESSIVE;
				CLANG_CXX_LANGUAGE_STANDARD = "gnu++14";
				CLANG_CXX_LIBRARY = "libc++";
				CLANG_ENABLE_MODULES = YES;
				CLANG_ENABLE_OBJC_ARC = YES;
				CLANG_WARN_BLOCK_CAPTURE_AUTORELEASING = YES;
				CLANG_WARN_BOOL_CONVERSION = YES;
				CLANG_WARN_COMMA = YES;
				CLANG_WARN_CONSTANT_CONVERSION = YES;
				CLANG_WARN_DIRECT_OBJC_ISA_USAGE = YES_ERROR;
				CLANG_WARN_DOCUMENTATION_COMMENTS = YES;
				CLANG_WARN_EMPTY_BODY = YES;
				CLANG_WARN_ENUM_CONVERSION = YES;
				CLANG_WARN_INFINITE_RECURSION = YES;
				CLANG_WARN_INT_CONVERSION = YES;
				CLANG_WARN_NON_LITERAL_NULL_CONVERSION = YES;
				CLANG_WARN_OBJC_LITERAL_CONVERSION = YES;
				CLANG_WARN_OBJC_ROOT_CLASS = YES_ERROR;
				CLANG_WARN_RANGE_LOOP_ANALYSIS = YES;
				CLANG_WARN_STRICT_PROTOTYPES = YES;
				CLANG_WARN_SUSPICIOUS_MOVE = YES;
				CLANG_WARN_UNGUARDED_AVAILABILITY = YES_AGGRESSIVE;
				CLANG_WARN_UNREACHABLE_CODE = YES;
				CLANG_WARN__DUPLICATE_METHOD_MATCH = YES;
				CODE_SIGN_IDENTITY = "iPhone Developer";
				COPY_PHASE_STRIP = NO;
				DEBUG_INFORMATION_FORMAT = dwarf;
				ENABLE_STRICT_OBJC_MSGSEND = YES;
				ENABLE_TESTABILITY = YES;
				GCC_C_LANGUAGE_STANDARD = gnu11;
				GCC_DYNAMIC_NO_PIC = NO;
				GCC_NO_COMMON_BLOCKS = YES;
				GCC_OPTIMIZATION_LEVEL = 0;
				GCC_PREPROCESSOR_DEFINITIONS = (
					"DEBUG=1",
					"$(inherited)",
				);
				GCC_WARN_64_TO_32_BIT_CONVERSION = YES;
				GCC_WARN_ABOUT_RETURN_TYPE = YES_ERROR;
				GCC_WARN_UNDECLARED_SELECTOR = YES;
				GCC_WARN_UNINITIALIZED_AUTOS = YES_AGGRESSIVE;
				GCC_WARN_UNUSED_FUNCTION = YES;
				GCC_WARN_UNUSED_VARIABLE = YES;
				IPHONEOS_DEPLOYMENT_TARGET = 11.2;
				MTL_ENABLE_DEBUG_INFO = YES;
				ONLY_ACTIVE_ARCH = YES;
				SDKROOT = iphoneos;
				SWIFT_ACTIVE_COMPILATION_CONDITIONS = DEBUG;
				SWIFT_OPTIMIZATION_LEVEL = "-Onone";
			};
			name = Debug;
		};
		A3CE96AD20B11E1F00B1991B /* Release */ = {
			isa = XCBuildConfiguration;
			buildSettings = {
				ALWAYS_SEARCH_USER_PATHS = NO;
				CLANG_ANALYZER_NONNULL = YES;
				CLANG_ANALYZER_NUMBER_OBJECT_CONVERSION = YES_AGGRESSIVE;
				CLANG_CXX_LANGUAGE_STANDARD = "gnu++14";
				CLANG_CXX_LIBRARY = "libc++";
				CLANG_ENABLE_MODULES = YES;
				CLANG_ENABLE_OBJC_ARC = YES;
				CLANG_WARN_BLOCK_CAPTURE_AUTORELEASING = YES;
				CLANG_WARN_BOOL_CONVERSION = YES;
				CLANG_WARN_COMMA = YES;
				CLANG_WARN_CONSTANT_CONVERSION = YES;
				CLANG_WARN_DIRECT_OBJC_ISA_USAGE = YES_ERROR;
				CLANG_WARN_DOCUMENTATION_COMMENTS = YES;
				CLANG_WARN_EMPTY_BODY = YES;
				CLANG_WARN_ENUM_CONVERSION = YES;
				CLANG_WARN_INFINITE_RECURSION = YES;
				CLANG_WARN_INT_CONVERSION = YES;
				CLANG_WARN_NON_LITERAL_NULL_CONVERSION = YES;
				CLANG_WARN_OBJC_LITERAL_CONVERSION = YES;
				CLANG_WARN_OBJC_ROOT_CLASS = YES_ERROR;
				CLANG_WARN_RANGE_LOOP_ANALYSIS = YES;
				CLANG_WARN_STRICT_PROTOTYPES = YES;
				CLANG_WARN_SUSPICIOUS_MOVE = YES;
				CLANG_WARN_UNGUARDED_AVAILABILITY = YES_AGGRESSIVE;
				CLANG_WARN_UNREACHABLE_CODE = YES;
				CLANG_WARN__DUPLICATE_METHOD_MATCH = YES;
				CODE_SIGN_IDENTITY = "iPhone Developer";
				COPY_PHASE_STRIP = NO;
				DEBUG_INFORMATION_FORMAT = "dwarf-with-dsym";
				ENABLE_NS_ASSERTIONS = NO;
				ENABLE_STRICT_OBJC_MSGSEND = YES;
				GCC_C_LANGUAGE_STANDARD = gnu11;
				GCC_NO_COMMON_BLOCKS = YES;
				GCC_WARN_64_TO_32_BIT_CONVERSION = YES;
				GCC_WARN_ABOUT_RETURN_TYPE = YES_ERROR;
				GCC_WARN_UNDECLARED_SELECTOR = YES;
				GCC_WARN_UNINITIALIZED_AUTOS = YES_AGGRESSIVE;
				GCC_WARN_UNUSED_FUNCTION = YES;
				GCC_WARN_UNUSED_VARIABLE = YES;
				IPHONEOS_DEPLOYMENT_TARGET = 11.2;
				MTL_ENABLE_DEBUG_INFO = NO;
				SDKROOT = iphoneos;
				SWIFT_OPTIMIZATION_LEVEL = "-Owholemodule";
				VALIDATE_PRODUCT = YES;
			};
			name = Release;
		};
		A3CE96AF20B11E1F00B1991B /* Debug */ = {
			isa = XCBuildConfiguration;
			buildSettings = {
				ASSETCATALOG_COMPILER_APPICON_NAME = AppIcon;
				CODE_SIGN_STYLE = Automatic;
				INFOPLIST_FILE = PassData/Info.plist;
				LD_RUNPATH_SEARCH_PATHS = "$(inherited) @executable_path/Frameworks";
				PRODUCT_BUNDLE_IDENTIFIER = example.PassData;
				PRODUCT_NAME = "$(TARGET_NAME)";
				SWIFT_VERSION = 4.0;
				TARGETED_DEVICE_FAMILY = "1,2";
			};
			name = Debug;
		};
		A3CE96B020B11E1F00B1991B /* Release */ = {
			isa = XCBuildConfiguration;
			buildSettings = {
				ASSETCATALOG_COMPILER_APPICON_NAME = AppIcon;
				CODE_SIGN_STYLE = Automatic;
				INFOPLIST_FILE = PassData/Info.plist;
				LD_RUNPATH_SEARCH_PATHS = "$(inherited) @executable_path/Frameworks";
				PRODUCT_BUNDLE_IDENTIFIER = example.PassData;
				PRODUCT_NAME = "$(TARGET_NAME)";
				SWIFT_VERSION = 4.0;
				TARGETED_DEVICE_FAMILY = "1,2";
			};
			name = Release;
		};
/* End XCBuildConfiguration section */

/* Begin XCConfigurationList section */
		A3CE969420B11E1E00B1991B /* Build configuration list for PBXProject "PassData" */ = {
			isa = XCConfigurationList;
			buildConfigurations = (
				A3CE96AC20B11E1F00B1991B /* Debug */,
				A3CE96AD20B11E1F00B1991B /* Release */,
			);
			defaultConfigurationIsVisible = 0;
			defaultConfigurationName = Release;
		};
		A3CE96AE20B11E1F00B1991B /* Build configuration list for PBXNativeTarget "PassData" */ = {
			isa = XCConfigurationList;
			buildConfigurations = (
				A3CE96AF20B11E1F00B1991B /* Debug */,
				A3CE96B020B11E1F00B1991B /* Release */,
			);
			defaultConfigurationIsVisible = 0;
			defaultConfigurationName = Release;
		};
/* End XCConfigurationList section */

/* Begin XCVersionGroup section */
		A3CE96A320B11E1E00B1991B /* PassData.xcdatamodeld */ = {
			isa = XCVersionGroup;
			children = (
				A3CE96A420B11E1E00B1991B /* PassData.xcdatamodel */,
			);
			currentVersion = A3CE96A420B11E1E00B1991B /* PassData.xcdatamodel */;
			path = PassData.xcdatamodeld;
			sourceTree = "<group>";
			versionGroupType = wrapper.xcdatamodel;
		};
/* End XCVersionGroup section */
	};
	rootObject = A3CE969120B11E1E00B1991B /* Project object */;
}
